
Microsoft Visual Studio Solution File, Format Version 12.00
# Visual Studio Version 17
VisualStudioVersion = 17.3.32901.215
MinimumVisualStudioVersion = 10.0.40219.1
Project("{FAE04EC0-301F-11D3-BF4B-00C04F79EFBC}") = "Tele2", "Tele2\Tele2.csproj", "{CA5E449A-E8B2-4293-B49B-8E2C291F03E0}"
EndProject
Global
	GlobalSection(SolutionConfigurationPlatforms) = preSolution
		Debug|Any CPU = Debug|Any CPU
		Release|Any CPU = Release|Any CPU
	EndGlobalSection
	GlobalSection(ProjectConfigurationPlatforms) = postSolution
		{CA5E449A-E8B2-4293-B49B-8E2C291F03E0}.Debug|Any CPU.ActiveCfg = Debug|Any CPU
		{CA5E449A-E8B2-4293-B49B-8E2C291F03E0}.Debug|Any CPU.Build.0 = Debug|Any CPU
		{CA5E449A-E8B2-4293-B49B-8E2C291F03E0}.Release|Any CPU.ActiveCfg = Release|Any CPU
		{CA5E449A-E8B2-4293-B49B-8E2C291F03E0}.Release|Any CPU.Build.0 = Release|Any CPU
	EndGlobalSection
	GlobalSection(SolutionProperties) = preSolution
		HideSolutionNode = FALSE
	EndGlobalSection
	GlobalSection(ExtensibilityGlobals) = postSolution
		SolutionGuid = {52E6B243-E86E-4307-BFE7-5DC6A852BDA0}
	EndGlobalSection
EndGlobal
